
Microsoft Visual Studio Solution File, Format Version 12.00
# Visual Studio Version 16
VisualStudioVersion = 16.0.31613.86
MinimumVisualStudioVersion = 10.0.40219.1
Project("{9A19103F-16F7-4668-BE54-9A1E7A4F7556}") = "AriaFacialAuthentication", "AriaFacialAuthentication\AriaFacialAuthentication.csproj", "{CBC88F4B-9CBC-431E-B5A4-461C923F2314}"
EndProject
Project("{FAE04EC0-301F-11D3-BF4B-00C04F79EFBC}") = "FaceAuthentication", "FaceAuthentication\FaceAuthentication.csproj", "{394DD7D6-0E85-4DD6-96F0-B4994FA40EC8}"
EndProject
Global
	GlobalSection(SolutionConfigurationPlatforms) = preSolution
		Debug|Any CPU = Debug|Any CPU
		Release|Any CPU = Release|Any CPU
	EndGlobalSection
	GlobalSection(ProjectConfigurationPlatforms) = postSolution
		{CBC88F4B-9CBC-431E-B5A4-461C923F2314}.Debug|Any CPU.ActiveCfg = Debug|Any CPU
		{CBC88F4B-9CBC-431E-B5A4-461C923F2314}.Debug|Any CPU.Build.0 = Debug|Any CPU
		{CBC88F4B-9CBC-431E-B5A4-461C923F2314}.Release|Any CPU.ActiveCfg = Release|Any CPU
		{CBC88F4B-9CBC-431E-B5A4-461C923F2314}.Release|Any CPU.Build.0 = Release|Any CPU
		{394DD7D6-0E85-4DD6-96F0-B4994FA40EC8}.Debug|Any CPU.ActiveCfg = Debug|Any CPU
		{394DD7D6-0E85-4DD6-96F0-B4994FA40EC8}.Debug|Any CPU.Build.0 = Debug|Any CPU
		{394DD7D6-0E85-4DD6-96F0-B4994FA40EC8}.Release|Any CPU.ActiveCfg = Release|Any CPU
		{394DD7D6-0E85-4DD6-96F0-B4994FA40EC8}.Release|Any CPU.Build.0 = Release|Any CPU
	EndGlobalSection
	GlobalSection(SolutionProperties) = preSolution
		HideSolutionNode = FALSE
	EndGlobalSection
	GlobalSection(ExtensibilityGlobals) = postSolution
		SolutionGuid = {8F8000FA-4928-4A08-B970-B1CA59DC289B}
	EndGlobalSection
EndGlobal
